
Microsoft Visual Studio Solution File, Format Version 12.00
# Visual Studio Version 17
VisualStudioVersion = 17.5.33516.290
MinimumVisualStudioVersion = 10.0.40219.1
Project("{FAE04EC0-301F-11D3-BF4B-00C04F79EFBC}") = "MagicVilla_API", "MagicVilla_API\MagicVilla_API.csproj", "{04C7CEF5-A545-4E06-B5BC-4831DBEB58D4}"
EndProject
Global
	GlobalSection(SolutionConfigurationPlatforms) = preSolution
		Debug|Any CPU = Debug|Any CPU
		Release|Any CPU = Release|Any CPU
	EndGlobalSection
	GlobalSection(ProjectConfigurationPlatforms) = postSolution
		{04C7CEF5-A545-4E06-B5BC-4831DBEB58D4}.Debug|Any CPU.ActiveCfg = Debug|Any CPU
		{04C7CEF5-A545-4E06-B5BC-4831DBEB58D4}.Debug|Any CPU.Build.0 = Debug|Any CPU
		{04C7CEF5-A545-4E06-B5BC-4831DBEB58D4}.Release|Any CPU.ActiveCfg = Release|Any CPU
		{04C7CEF5-A545-4E06-B5BC-4831DBEB58D4}.Release|Any CPU.Build.0 = Release|Any CPU
	EndGlobalSection
	GlobalSection(SolutionProperties) = preSolution
		HideSolutionNode = FALSE
	EndGlobalSection
	GlobalSection(ExtensibilityGlobals) = postSolution
		SolutionGuid = {841D2DA2-1DC2-4442-BCB2-9ECDCB00FD7C}
	EndGlobalSection
EndGlobal
